lockfileVersion: 5.3

specifiers:
  dat.gui: 0.7.6
  fast-levenshtein: 2.0.6
  gl-matrix: 3.1.0
  msgpack-lite: 0.1.26
  nearley: 2.19.0
  simplex-noise: 2.4.0
  three: 0.109.0

dependencies:
  dat.gui: 0.7.6
  fast-levenshtein: 2.0.6
  gl-matrix: 3.1.0
  msgpack-lite: 0.1.26
  nearley: 2.19.0
  simplex-noise: 2.4.0
  three: 0.109.0

packages:

  /commander/2.20.3:
    resolution: {integrity: sha512-GpVkmM8vF2vQUkj2LvZmD35JxeJOLCwJ9cUkugyk2nuhbv3+mJvpLYYt+0+USMxE+oj+ey/lJEnhZw75x/OMcQ==}
    dev: false

  /dat.gui/0.7.6:
    resolution: {integrity: sha512-9Uqr4aQUvp9q5P2b4y6gK604HXafubOq578OmOS8mjrIkYrBP4EbQ9gz9YRXgyPh7aQi+b9H/jAG7EucmhYpSA==}
    dev: false

  /discontinuous-range/1.0.0:
    resolution: {integrity: sha1-44Mx8IRLukm5qctxx3FYWqsbxlo=}
    dev: false

  /event-lite/0.1.2:
    resolution: {integrity: sha512-HnSYx1BsJ87/p6swwzv+2v6B4X+uxUteoDfRxsAb1S1BePzQqOLevVmkdA15GHJVd9A9Ok6wygUR18Hu0YeV9g==}
    dev: false

  /fast-levenshtein/2.0.6:
    resolution: {integrity: sha1-PYpcZog6FqMMqGQ+hR8Zuqd5eRc=}
    dev: false

  /gl-matrix/3.1.0:
    resolution: {integrity: sha512-526NA+3EA+ztAQi0IZpSWiM0fyQXIp7IbRvfJ4wS/TjjQD0uv0fVybXwwqqSOlq33UckivI0yMDlVtboWm3k7A==}
    dev: false

  /ieee754/1.2.1:
    resolution: {integrity: sha512-dcyqhDvX1C46lXZcVqCpK+FtMRQVdIMN6/Df5js2zouUsqG7I6sFxitIC+7KYK29KdXOLHdu9zL4sFnoVQnqaA==}
    dev: false

  /int64-buffer/0.1.10:
    resolution: {integrity: sha1-J3siiofZWtd30HwTgyAiQGpHNCM=}
    dev: false

  /isarray/1.0.0:
    resolution: {integrity: sha1-u5NdSFgsuhaMBoNJV6VKPgcSTxE=}
    dev: false

  /moo/0.4.3:
    resolution: {integrity: sha512-gFD2xGCl8YFgGHsqJ9NKRVdwlioeW3mI1iqfLNYQOv0+6JRwG58Zk9DIGQgyIaffSYaO1xsKnMaYzzNr1KyIAw==}
    dev: false

  /msgpack-lite/0.1.26:
    resolution: {integrity: sha1-3TxQsm8FnyXn7e42REGDWOKprYk=}
    hasBin: true
    dependencies:
      event-lite: 0.1.2
      ieee754: 1.2.1
      int64-buffer: 0.1.10
      isarray: 1.0.0
    dev: false

  /nearley/2.19.0:
    resolution: {integrity: sha512-2v52FTw7RPqieZr3Gth1luAXZR7Je6q3KaDHY5bjl/paDUdMu35fZ8ICNgiYJRr3tf3NMvIQQR1r27AvEr9CRA==}
    hasBin: true
    dependencies:
      commander: 2.20.3
      moo: 0.4.3
      railroad-diagrams: 1.0.0
      randexp: 0.4.6
      semver: 5.7.1
    dev: false

  /railroad-diagrams/1.0.0:
    resolution: {integrity: sha1-635iZ1SN3t+4mcG5Dlc3RVnN234=}
    dev: false

  /randexp/0.4.6:
    resolution: {integrity: sha512-80WNmd9DA0tmZrw9qQa62GPPWfuXJknrmVmLcxvq4uZBdYqb1wYoKTmnlGUchvVWe0XiLupYkBoXVOxz3C8DYQ==}
    engines: {node: '>=0.12'}
    dependencies:
      discontinuous-range: 1.0.0
      ret: 0.1.15
    dev: false

  /ret/0.1.15:
    resolution: {integrity: sha512-TTlYpa+OL+vMMNG24xSlQGEJ3B/RzEfUlLct7b5G/ytav+wPrplCpVMFuwzXbkecJrb6IYo1iFb0S9v37754mg==}
    engines: {node: '>=0.12'}
    dev: false

  /semver/5.7.1:
    resolution: {integrity: sha512-sauaDf/PZdVgrLTNYHRtpXa1iRiKcaebiKQ1BJdpQlWH2lCvexQdX55snPFyK7QzpudqbCI0qXFfOasHdyNDGQ==}
    hasBin: true
    dev: false

  /simplex-noise/2.4.0:
    resolution: {integrity: sha512-OjyDWm/QZjVbMrPxDVi9b2as+SeNn9EBXlrWVRlFW+TSyWMSXouDryXkQN0vf5YP+QZKobrmkvx1eQYPLtuqfw==}
    dev: false

  /three/0.109.0:
    resolution: {integrity: sha512-XT99T3Hvgh2CEvwPdHYEunNE+clLK6KiT1U8En7YOgIqTUw4MrLeIc8zxQAJ6wbP8hhJaY5+Cff3jwBPpBa0gA==}
    dev: false
